{
  "name": "tractive",
  "version": "1.2.1",
  "lockfileVersion": 3,
  "requires": true,
  "packages": {
    "": {
      "name": "tractive",
      "version": "1.2.1",
      "license": "ISC",
      "devDependencies": {
        "undici": "^7.0.0"
      }
    },
    "node_modules/undici": {
      "version": "7.18.2",
      "resolved": "https://registry.npmjs.org/undici/-/undici-7.18.2.tgz",
      "integrity": "sha512-y+8YjDFzWdQlSE9N5nzKMT3g4a5UBX1HKowfdXh0uvAnTaqqwqB92Jt4UXBAeKekDs5IaDKyJFR4X1gYVCgXcw==",
      "dev": true,
      "license": "MIT",
      "engines": {
        "node": ">=20.18.1"
      }
    }
  }
}
